
Microsoft Visual Studio Solution File, Format Version 12.00
# Visual Studio Version 17
VisualStudioVersion = 17.0.32014.148
MinimumVisualStudioVersion = 10.0.40219.1
Project("{FAE04EC0-301F-11D3-BF4B-00C04F79EFBC}") = "FizzBuzz", "FizzBuzz\FizzBuzz.csproj", "{B470BC0F-C988-4697-A4DC-E4D186861212}"
EndProject
Global
	GlobalSection(SolutionConfigurationPlatforms) = preSolution
		Debug|Any CPU = Debug|Any CPU
		Release|Any CPU = Release|Any CPU
	EndGlobalSection
	GlobalSection(ProjectConfigurationPlatforms) = postSolution
		{B470BC0F-C988-4697-A4DC-E4D186861212}.Debug|Any CPU.ActiveCfg = Debug|Any CPU
		{B470BC0F-C988-4697-A4DC-E4D186861212}.Debug|Any CPU.Build.0 = Debug|Any CPU
		{B470BC0F-C988-4697-A4DC-E4D186861212}.Release|Any CPU.ActiveCfg = Release|Any CPU
		{B470BC0F-C988-4697-A4DC-E4D186861212}.Release|Any CPU.Build.0 = Release|Any CPU
	EndGlobalSection
	GlobalSection(SolutionProperties) = preSolution
		HideSolutionNode = FALSE
	EndGlobalSection
	GlobalSection(ExtensibilityGlobals) = postSolution
		SolutionGuid = {C19DBB6A-B321-4E7A-9FBC-9AF97ECAF151}
	EndGlobalSection
EndGlobal
